github.com/er-azh/egmanifest v0.1.0 h1:lY5nvdjv2dFwn+jVdTW+JAciHhAiOJbLSACo3jI11pM=
github.com/er-azh/egmanifest v0.1.0/go.mod h1:de3wgnNcTYCKmpwDEgS9OrXzyXqkS6ZH2gQijzhBJ8o=
github.com/google/uuid v1.3.0 h1:t6JiXgmwXMjEs8VusXIJk2BXHsn+wx8BZdTaoZ5fu7I=
github.com/google/uuid v1.3.0/go.mod h1:TIyPZe4MgqvfeYDBFedMoGGpEw/LqOeaOT+nhxU+yHo=
